
Microsoft Visual Studio Solution File, Format Version 12.00
# Visual Studio Version 17
VisualStudioVersion = 17.9.34622.214
MinimumVisualStudioVersion = 10.0.40219.1
Project("{FAE04EC0-301F-11D3-BF4B-00C04F79EFBC}") = "Vehicles", "Vehicles\Vehicles.csproj", "{42D8A267-8A96-4AFE-9A6D-B9ED64A333AC}"
EndProject
Global
	GlobalSection(SolutionConfigurationPlatforms) = preSolution
		Debug|Any CPU = Debug|Any CPU
		Release|Any CPU = Release|Any CPU
	EndGlobalSection
	GlobalSection(ProjectConfigurationPlatforms) = postSolution
		{42D8A267-8A96-4AFE-9A6D-B9ED64A333AC}.Debug|Any CPU.ActiveCfg = Debug|Any CPU
		{42D8A267-8A96-4AFE-9A6D-B9ED64A333AC}.Debug|Any CPU.Build.0 = Debug|Any CPU
		{42D8A267-8A96-4AFE-9A6D-B9ED64A333AC}.Release|Any CPU.ActiveCfg = Release|Any CPU
		{42D8A267-8A96-4AFE-9A6D-B9ED64A333AC}.Release|Any CPU.Build.0 = Release|Any CPU
	EndGlobalSection
	GlobalSection(SolutionProperties) = preSolution
		HideSolutionNode = FALSE
	EndGlobalSection
	GlobalSection(ExtensibilityGlobals) = postSolution
		SolutionGuid = {E3C0B254-E17A-4918-9AD9-4E0ED8A1C91E}
	EndGlobalSection
EndGlobal
